
Microsoft Visual Studio Solution File, Format Version 12.00
# Visual Studio Version 17
VisualStudioVersion = 17.4.32804.182
MinimumVisualStudioVersion = 10.0.40219.1
Project("{9A19103F-16F7-4668-BE54-9A1E7A4F7556}") = "Api", "ERNITechnicalExam\Api.csproj", "{DB104DFD-B5B0-41FF-99FF-6ABAB02F9FA2}"
EndProject
Project("{9A19103F-16F7-4668-BE54-9A1E7A4F7556}") = "Application", "Application\Application.csproj", "{F229D4D9-765B-4972-B93B-BE5629972DBF}"
EndProject
Project("{9A19103F-16F7-4668-BE54-9A1E7A4F7556}") = "Domain", "Domain\Domain.csproj", "{FD4B419D-EBB3-45C1-BC08-C633D9EAA4E3}"
EndProject
Project("{9A19103F-16F7-4668-BE54-9A1E7A4F7556}") = "Infrastructure", "Infrastructure\Infrastructure.csproj", "{83704A54-9881-4606-A7F7-5B763D72D02C}"
EndProject
Project("{9A19103F-16F7-4668-BE54-9A1E7A4F7556}") = "Applicaton.UnitTest", "Test\Applicaton.UnitTest.csproj", "{BD1C778F-BAEB-4413-AF60-4C95F6AB4762}"
EndProject
Project("{2150E333-8FDC-42A3-9474-1A3956D46DE8}") = "Solution Items", "Solution Items", "{3E74092C-837B-47F0-B11A-367FA0482FA7}"
	ProjectSection(SolutionItems) = preProject
		Readme.md = Readme.md
	EndProjectSection
EndProject
Global
	GlobalSection(SolutionConfigurationPlatforms) = preSolution
		Debug|Any CPU = Debug|Any CPU
		Release|Any CPU = Release|Any CPU
	EndGlobalSection
	GlobalSection(ProjectConfigurationPlatforms) = postSolution
		{DB104DFD-B5B0-41FF-99FF-6ABAB02F9FA2}.Debug|Any CPU.ActiveCfg = Debug|Any CPU
		{DB104DFD-B5B0-41FF-99FF-6ABAB02F9FA2}.Debug|Any CPU.Build.0 = Debug|Any CPU
		{DB104DFD-B5B0-41FF-99FF-6ABAB02F9FA2}.Release|Any CPU.ActiveCfg = Release|Any CPU
		{DB104DFD-B5B0-41FF-99FF-6ABAB02F9FA2}.Release|Any CPU.Build.0 = Release|Any CPU
		{F229D4D9-765B-4972-B93B-BE5629972DBF}.Debug|Any CPU.ActiveCfg = Debug|Any CPU
		{F229D4D9-765B-4972-B93B-BE5629972DBF}.Debug|Any CPU.Build.0 = Debug|Any CPU
		{F229D4D9-765B-4972-B93B-BE5629972DBF}.Release|Any CPU.ActiveCfg = Release|Any CPU
		{F229D4D9-765B-4972-B93B-BE5629972DBF}.Release|Any CPU.Build.0 = Release|Any CPU
		{FD4B419D-EBB3-45C1-BC08-C633D9EAA4E3}.Debug|Any CPU.ActiveCfg = Debug|Any CPU
		{FD4B419D-EBB3-45C1-BC08-C633D9EAA4E3}.Debug|Any CPU.Build.0 = Debug|Any CPU
		{FD4B419D-EBB3-45C1-BC08-C633D9EAA4E3}.Release|Any CPU.ActiveCfg = Release|Any CPU
		{FD4B419D-EBB3-45C1-BC08-C633D9EAA4E3}.Release|Any CPU.Build.0 = Release|Any CPU
		{83704A54-9881-4606-A7F7-5B763D72D02C}.Debug|Any CPU.ActiveCfg = Debug|Any CPU
		{83704A54-9881-4606-A7F7-5B763D72D02C}.Debug|Any CPU.Build.0 = Debug|Any CPU
		{83704A54-9881-4606-A7F7-5B763D72D02C}.Release|Any CPU.ActiveCfg = Release|Any CPU
		{83704A54-9881-4606-A7F7-5B763D72D02C}.Release|Any CPU.Build.0 = Release|Any CPU
		{BD1C778F-BAEB-4413-AF60-4C95F6AB4762}.Debug|Any CPU.ActiveCfg = Debug|Any CPU
		{BD1C778F-BAEB-4413-AF60-4C95F6AB4762}.Debug|Any CPU.Build.0 = Debug|Any CPU
		{BD1C778F-BAEB-4413-AF60-4C95F6AB4762}.Release|Any CPU.ActiveCfg = Release|Any CPU
		{BD1C778F-BAEB-4413-AF60-4C95F6AB4762}.Release|Any CPU.Build.0 = Release|Any CPU
	EndGlobalSection
	GlobalSection(SolutionProperties) = preSolution
		HideSolutionNode = FALSE
	EndGlobalSection
	GlobalSection(ExtensibilityGlobals) = postSolution
		SolutionGuid = {E9F08C88-05D9-4395-8F1A-7A9B53D07D55}
	EndGlobalSection
EndGlobal
